// !$*UTF8*$!
{
	archiveVersion = 1;
	classes = {
	};
	objectVersion = 55;
	objects = {

/* Begin PBXBuildFile section */
		C6EEF1AD28F6D6CA00268889 /* AppDelegate.swift in Sources */ = {isa = PBXBuildFile; fileRef = C6EEF1AC28F6D6CA00268889 /* AppDelegate.swift */; };
		C6EEF1AF28F6D6CA00268889 /* SceneDelegate.swift in Sources */ = {isa = PBXBuildFile; fileRef = C6EEF1AE28F6D6CA00268889 /* SceneDelegate.swift */; };
		C6EEF1B128F6D6CA00268889 /* ViewController.swift in Sources */ = {isa = PBXBuildFile; fileRef = C6EEF1B028F6D6CA00268889 /* ViewController.swift */; };
		C6EEF1B428F6D6CA00268889 /* Main.storyboard in Resources */ = {isa = PBXBuildFile; fileRef = C6EEF1B228F6D6CA00268889 /* Main.storyboard */; };
		C6EEF1B628F6D6CC00268889 /* Assets.xcassets in Resources */ = {isa = PBXBuildFile; fileRef = C6EEF1B528F6D6CC00268889 /* Assets.xcassets */; };
		C6EEF1B928F6D6CC00268889 /* LaunchScreen.storyboard in Resources */ = {isa = PBXBuildFile; fileRef = C6EEF1B728F6D6CC00268889 /* LaunchScreen.storyboard */; };
		C6EEF1C428F6D6CC00268889 /* UnsplashAppTests.swift in Sources */ = {isa = PBXBuildFile; fileRef = C6EEF1C328F6D6CC00268889 /* UnsplashAppTests.swift */; };
		C6EEF1CE28F6D6CC00268889 /* UnsplashAppUITests.swift in Sources */ = {isa = PBXBuildFile; fileRef = C6EEF1CD28F6D6CC00268889 /* UnsplashAppUITests.swift */; };
		C6EEF1D028F6D6CC00268889 /* UnsplashAppUITestsLaunchTests.swift in Sources */ = {isa = PBXBuildFile; fileRef = C6EEF1CF28F6D6CC00268889 /* UnsplashAppUITestsLaunchTests.swift */; };
/* End PBXBuildFile section */

/* Begin PBXContainerItemProxy section */
		C6EEF1C028F6D6CC00268889 /* PBXContainerItemProxy */ = {
			isa = PBXContainerItemProxy;
			containerPortal = C6EEF1A128F6D6CA00268889 /* Project object */;
			proxyType = 1;
			remoteGlobalIDString = C6EEF1A828F6D6CA00268889;
			remoteInfo = UnsplashApp;
		};
		C6EEF1CA28F6D6CC00268889 /* PBXContainerItemProxy */ = {
			isa = PBXContainerItemProxy;
			containerPortal = C6EEF1A128F6D6CA00268889 /* Project object */;
			proxyType = 1;
			remoteGlobalIDString = C6EEF1A828F6D6CA00268889;
			remoteInfo = UnsplashApp;
		};
/* End PBXContainerItemProxy section */

/* Begin PBXFileReference section */
		C6EEF1A928F6D6CA00268889 /* UnsplashApp.app */ = {isa = PBXFileReference; explicitFileType = wrapper.application; includeInIndex = 0; path = UnsplashApp.app; sourceTree = BUILT_PRODUCTS_DIR; };
		C6EEF1AC28F6D6CA00268889 /* AppDelegate.swift */ = {isa = PBXFileReference; lastKnownFileType = sourcecode.swift; path = AppDelegate.swift; sourceTree = "<group>"; };
		C6EEF1AE28F6D6CA00268889 /* SceneDelegate.swift */ = {isa = PBXFileReference; lastKnownFileType = sourcecode.swift; path = SceneDelegate.swift; sourceTree = "<group>"; };
		C6EEF1B028F6D6CA00268889 /* ViewController.swift */ = {isa = PBXFileReference; lastKnownFileType = sourcecode.swift; path = ViewController.swift; sourceTree = "<group>"; };
		C6EEF1B328F6D6CA00268889 /* Base */ = {isa = PBXFileReference; lastKnownFileType = file.storyboard; name = Base; path = Base.lproj/Main.storyboard; sourceTree = "<group>"; };
		C6EEF1B528F6D6CC00268889 /* Assets.xcassets */ = {isa = PBXFileReference; lastKnownFileType = folder.assetcatalog; path = Assets.xcassets; sourceTree = "<group>"; };
		C6EEF1B828F6D6CC00268889 /* Base */ = {isa = PBXFileReference; lastKnownFileType = file.storyboard; name = Base; path = Base.lproj/LaunchScreen.storyboard; sourceTree = "<group>"; };
		C6EEF1BA28F6D6CC00268889 /* Info.plist */ = {isa = PBXFileReference; lastKnownFileType = text.plist.xml; path = Info.plist; sourceTree = "<group>"; };
		C6EEF1BF28F6D6CC00268889 /* UnsplashAppTests.xctest */ = {isa = PBXFileReference; explicitFileType = wrapper.cfbundle; includeInIndex = 0; path = UnsplashAppTests.xctest; sourceTree = BUILT_PRODUCTS_DIR; };
		C6EEF1C328F6D6CC00268889 /* UnsplashAppTests.swift */ = {isa = PBXFileReference; lastKnownFileType = sourcecode.swift; path = UnsplashAppTests.swift; sourceTree = "<group>"; };
		C6EEF1C928F6D6CC00268889 /* UnsplashAppUITests.xctest */ = {isa = PBXFileReference; explicitFileType = wrapper.cfbundle; includeInIndex = 0; path = UnsplashAppUITests.xctest; sourceTree = BUILT_PRODUCTS_DIR; };
		C6EEF1CD28F6D6CC00268889 /* UnsplashAppUITests.swift */ = {isa = PBXFileReference; lastKnownFileType = sourcecode.swift; path = UnsplashAppUITests.swift; sourceTree = "<group>"; };
		C6EEF1CF28F6D6CC00268889 /* UnsplashAppUITestsLaunchTests.swift */ = {isa = PBXFileReference; lastKnownFileType = sourcecode.swift; path = UnsplashAppUITestsLaunchTests.swift; sourceTree = "<group>"; };
/* End PBXFileReference section */

/* Begin PBXFrameworksBuildPhase section */
		C6EEF1A628F6D6CA00268889 /* Frameworks */ = {
			isa = PBXFrameworksBuildPhase;
			buildActionMask = 2147483647;
			files = (
			);
			runOnlyForDeploymentPostprocessing = 0;
		};
		C6EEF1BC28F6D6CC00268889 /* Frameworks */ = {
			isa = PBXFrameworksBuildPhase;
			buildActionMask = 2147483647;
			files = (
			);
			runOnlyForDeploymentPostprocessing = 0;
		};
		C6EEF1C628F6D6CC00268889 /* Frameworks */ = {
			isa = PBXFrameworksBuildPhase;
			buildActionMask = 2147483647;
			files = (
			);
			runOnlyForDeploymentPostprocessing = 0;
		};
/* End PBXFrameworksBuildPhase section */

/* Begin PBXGroup section */
		C6EEF1A028F6D6CA00268889 = {
			isa = PBXGroup;
			children = (
				C6EEF1AB28F6D6CA00268889 /* UnsplashApp */,
				C6EEF1C228F6D6CC00268889 /* UnsplashAppTests */,
				C6EEF1CC28F6D6CC00268889 /* UnsplashAppUITests */,
				C6EEF1AA28F6D6CA00268889 /* Products */,
			);
			sourceTree = "<group>";
		};
		C6EEF1AA28F6D6CA00268889 /* Products */ = {
			isa = PBXGroup;
			children = (
				C6EEF1A928F6D6CA00268889 /* UnsplashApp.app */,
				C6EEF1BF28F6D6CC00268889 /* UnsplashAppTests.xctest */,
				C6EEF1C928F6D6CC00268889 /* UnsplashAppUITests.xctest */,
			);
			name = Products;
			sourceTree = "<group>";
		};
		C6EEF1AB28F6D6CA00268889 /* UnsplashApp */ = {
			isa = PBXGroup;
			children = (
				C6EEF1AC28F6D6CA00268889 /* AppDelegate.swift */,
				C6EEF1AE28F6D6CA00268889 /* SceneDelegate.swift */,
				C6EEF1B028F6D6CA00268889 /* ViewController.swift */,
				C6EEF1B228F6D6CA00268889 /* Main.storyboard */,
				C6EEF1B528F6D6CC00268889 /* Assets.xcassets */,
				C6EEF1B728F6D6CC00268889 /* LaunchScreen.storyboard */,
				C6EEF1BA28F6D6CC00268889 /* Info.plist */,
			);
			path = UnsplashApp;
			sourceTree = "<group>";
		};
		C6EEF1C228F6D6CC00268889 /* UnsplashAppTests */ = {
			isa = PBXGroup;
			children = (
				C6EEF1C328F6D6CC00268889 /* UnsplashAppTests.swift */,
			);
			path = UnsplashAppTests;
			sourceTree = "<group>";
		};
		C6EEF1CC28F6D6CC00268889 /* UnsplashAppUITests */ = {
			isa = PBXGroup;
			children = (
				C6EEF1CD28F6D6CC00268889 /* UnsplashAppUITests.swift */,
				C6EEF1CF28F6D6CC00268889 /* UnsplashAppUITestsLaunchTests.swift */,
			);
			path = UnsplashAppUITests;
			sourceTree = "<group>";
		};
/* End PBXGroup section */

/* Begin PBXNativeTarget section */
		C6EEF1A828F6D6CA00268889 /* UnsplashApp */ = {
			isa = PBXNativeTarget;
			buildConfigurationList = C6EEF1D328F6D6CC00268889 /* Build configuration list for PBXNativeTarget "UnsplashApp" */;
			buildPhases = (
				C6EEF1A528F6D6CA00268889 /* Sources */,
				C6EEF1A628F6D6CA00268889 /* Frameworks */,
				C6EEF1A728F6D6CA00268889 /* Resources */,
			);
			buildRules = (
			);
			dependencies = (
			);
			name = UnsplashApp;
			productName = UnsplashApp;
			productReference = C6EEF1A928F6D6CA00268889 /* UnsplashApp.app */;
			productType = "com.apple.product-type.application";
		};
		C6EEF1BE28F6D6CC00268889 /* UnsplashAppTests */ = {
			isa = PBXNativeTarget;
			buildConfigurationList = C6EEF1D628F6D6CC00268889 /* Build configuration list for PBXNativeTarget "UnsplashAppTests" */;
			buildPhases = (
				C6EEF1BB28F6D6CC00268889 /* Sources */,
				C6EEF1BC28F6D6CC00268889 /* Frameworks */,
				C6EEF1BD28F6D6CC00268889 /* Resources */,
			);
			buildRules = (
			);
			dependencies = (
				C6EEF1C128F6D6CC00268889 /* PBXTargetDependency */,
			);
			name = UnsplashAppTests;
			productName = UnsplashAppTests;
			productReference = C6EEF1BF28F6D6CC00268889 /* UnsplashAppTests.xctest */;
			productType = "com.apple.product-type.bundle.unit-test";
		};
		C6EEF1C828F6D6CC00268889 /* UnsplashAppUITests */ = {
			isa = PBXNativeTarget;
			buildConfigurationList = C6EEF1D928F6D6CC00268889 /* Build configuration list for PBXNativeTarget "UnsplashAppUITests" */;
			buildPhases = (
				C6EEF1C528F6D6CC00268889 /* Sources */,
				C6EEF1C628F6D6CC00268889 /* Frameworks */,
				C6EEF1C728F6D6CC00268889 /* Resources */,
			);
			buildRules = (
			);
			dependencies = (
				C6EEF1CB28F6D6CC00268889 /* PBXTargetDependency */,
			);
			name = UnsplashAppUITests;
			productName = UnsplashAppUITests;
			productReference = C6EEF1C928F6D6CC00268889 /* UnsplashAppUITests.xctest */;
			productType = "com.apple.product-type.bundle.ui-testing";
		};
/* End PBXNativeTarget section */

/* Begin PBXProject section */
		C6EEF1A128F6D6CA00268889 /* Project object */ = {
			isa = PBXProject;
			attributes = {
				BuildIndependentTargetsInParallel = 1;
				LastSwiftUpdateCheck = 1340;
				LastUpgradeCheck = 1340;
				TargetAttributes = {
					C6EEF1A828F6D6CA00268889 = {
						CreatedOnToolsVersion = 13.4.1;
					};
					C6EEF1BE28F6D6CC00268889 = {
						CreatedOnToolsVersion = 13.4.1;
						TestTargetID = C6EEF1A828F6D6CA00268889;
					};
					C6EEF1C828F6D6CC00268889 = {
						CreatedOnToolsVersion = 13.4.1;
						TestTargetID = C6EEF1A828F6D6CA00268889;
					};
				};
			};
			buildConfigurationList = C6EEF1A428F6D6CA00268889 /* Build configuration list for PBXProject "UnsplashApp" */;
			compatibilityVersion = "Xcode 13.0";
			developmentRegion = en;
			hasScannedForEncodings = 0;
			knownRegions = (
				en,
				Base,
			);
			mainGroup = C6EEF1A028F6D6CA00268889;
			productRefGroup = C6EEF1AA28F6D6CA00268889 /* Products */;
			projectDirPath = "";
			projectRoot = "";
			targets = (
				C6EEF1A828F6D6CA00268889 /* UnsplashApp */,
				C6EEF1BE28F6D6CC00268889 /* UnsplashAppTests */,
				C6EEF1C828F6D6CC00268889 /* UnsplashAppUITests */,
			);
		};
/* End PBXProject section */

/* Begin PBXResourcesBuildPhase section */
		C6EEF1A728F6D6CA00268889 /* Resources */ = {
			isa = PBXResourcesBuildPhase;
			buildActionMask = 2147483647;
			files = (
				C6EEF1B928F6D6CC00268889 /* LaunchScreen.storyboard in Resources */,
				C6EEF1B628F6D6CC00268889 /* Assets.xcassets in Resources */,
				C6EEF1B428F6D6CA00268889 /* Main.storyboard in Resources */,
			);
			runOnlyForDeploymentPostprocessing = 0;
		};
		C6EEF1BD28F6D6CC00268889 /* Resources */ = {
			isa = PBXResourcesBuildPhase;
			buildActionMask = 2147483647;
			files = (
			);
			runOnlyForDeploymentPostprocessing = 0;
		};
		C6EEF1C728F6D6CC00268889 /* Resources */ = {
			isa = PBXResourcesBuildPhase;
			buildActionMask = 2147483647;
			files = (
			);
			runOnlyForDeploymentPostprocessing = 0;
		};
/* End PBXResourcesBuildPhase section */

/* Begin PBXSourcesBuildPhase section */
		C6EEF1A528F6D6CA00268889 /* Sources */ = {
			isa = PBXSourcesBuildPhase;
			buildActionMask = 2147483647;
			files = (
				C6EEF1B128F6D6CA00268889 /* ViewController.swift in Sources */,
				C6EEF1AD28F6D6CA00268889 /* AppDelegate.swift in Sources */,
				C6EEF1AF28F6D6CA00268889 /* SceneDelegate.swift in Sources */,
			);
			runOnlyForDeploymentPostprocessing = 0;
		};
		C6EEF1BB28F6D6CC00268889 /* Sources */ = {
			isa = PBXSourcesBuildPhase;
			buildActionMask = 2147483647;
			files = (
				C6EEF1C428F6D6CC00268889 /* UnsplashAppTests.swift in Sources */,
			);
			runOnlyForDeploymentPostprocessing = 0;
		};
		C6EEF1C528F6D6CC00268889 /* Sources */ = {
			isa = PBXSourcesBuildPhase;
			buildActionMask = 2147483647;
			files = (
				C6EEF1D028F6D6CC00268889 /* UnsplashAppUITestsLaunchTests.swift in Sources */,
				C6EEF1CE28F6D6CC00268889 /* UnsplashAppUITests.swift in Sources */,
			);
			runOnlyForDeploymentPostprocessing = 0;
		};
/* End PBXSourcesBuildPhase section */

/* Begin PBXTargetDependency section */
		C6EEF1C128F6D6CC00268889 /* PBXTargetDependency */ = {
			isa = PBXTargetDependency;
			target = C6EEF1A828F6D6CA00268889 /* UnsplashApp */;
			targetProxy = C6EEF1C028F6D6CC00268889 /* PBXContainerItemProxy */;
		};
		C6EEF1CB28F6D6CC00268889 /* PBXTargetDependency */ = {
			isa = PBXTargetDependency;
			target = C6EEF1A828F6D6CA00268889 /* UnsplashApp */;
			targetProxy = C6EEF1CA28F6D6CC00268889 /* PBXContainerItemProxy */;
		};
/* End PBXTargetDependency section */

/* Begin PBXVariantGroup section */
		C6EEF1B228F6D6CA00268889 /* Main.storyboard */ = {
			isa = PBXVariantGroup;
			children = (
				C6EEF1B328F6D6CA00268889 /* Base */,
			);
			name = Main.storyboard;
			sourceTree = "<group>";
		};
		C6EEF1B728F6D6CC00268889 /* LaunchScreen.storyboard */ = {
			isa = PBXVariantGroup;
			children = (
				C6EEF1B828F6D6CC00268889 /* Base */,
			);
			name = LaunchScreen.storyboard;
			sourceTree = "<group>";
		};
/* End PBXVariantGroup section */

/* Begin XCBuildConfiguration section */
		C6EEF1D128F6D6CC00268889 /* Debug */ = {
			isa = XCBuildConfiguration;
			buildSettings = {
				ALWAYS_SEARCH_USER_PATHS = NO;
				CLANG_ANALYZER_NONNULL = YES;
				CLANG_ANALYZER_NUMBER_OBJECT_CONVERSION = YES_AGGRESSIVE;
				CLANG_CXX_LANGUAGE_STANDARD = "gnu++17";
				CLANG_ENABLE_MODULES = YES;
				CLANG_ENABLE_OBJC_ARC = YES;
				CLANG_ENABLE_OBJC_WEAK = YES;
				CLANG_WARN_BLOCK_CAPTURE_AUTORELEASING = YES;
				CLANG_WARN_BOOL_CONVERSION = YES;
				CLANG_WARN_COMMA = YES;
				CLANG_WARN_CONSTANT_CONVERSION = YES;
				CLANG_WARN_DEPRECATED_OBJC_IMPLEMENTATIONS = YES;
				CLANG_WARN_DIRECT_OBJC_ISA_USAGE = YES_ERROR;
				CLANG_WARN_DOCUMENTATION_COMMENTS = YES;
				CLANG_WARN_EMPTY_BODY = YES;
				CLANG_WARN_ENUM_CONVERSION = YES;
				CLANG_WARN_INFINITE_RECURSION = YES;
				CLANG_WARN_INT_CONVERSION = YES;
				CLANG_WARN_NON_LITERAL_NULL_CONVERSION = YES;
				CLANG_WARN_OBJC_IMPLICIT_RETAIN_SELF = YES;
				CLANG_WARN_OBJC_LITERAL_CONVERSION = YES;
				CLANG_WARN_OBJC_ROOT_CLASS = YES_ERROR;
				CLANG_WARN_QUOTED_INCLUDE_IN_FRAMEWORK_HEADER = YES;
				CLANG_WARN_RANGE_LOOP_ANALYSIS = YES;
				CLANG_WARN_STRICT_PROTOTYPES = YES;
				CLANG_WARN_SUSPICIOUS_MOVE = YES;
				CLANG_WARN_UNGUARDED_AVAILABILITY = YES_AGGRESSIVE;
				CLANG_WARN_UNREACHABLE_CODE = YES;
				CLANG_WARN__DUPLICATE_METHOD_MATCH = YES;
				COPY_PHASE_STRIP = NO;
				DEBUG_INFORMATION_FORMAT = dwarf;
				ENABLE_STRICT_OBJC_MSGSEND = YES;
				ENABLE_TESTABILITY = YES;
				GCC_C_LANGUAGE_STANDARD = gnu11;
				GCC_DYNAMIC_NO_PIC = NO;
				GCC_NO_COMMON_BLOCKS = YES;
				GCC_OPTIMIZATION_LEVEL = 0;
				GCC_PREPROCESSOR_DEFINITIONS = (
					"DEBUG=1",
					"$(inherited)",
				);
				GCC_WARN_64_TO_32_BIT_CONVERSION = YES;
				GCC_WARN_ABOUT_RETURN_TYPE = YES_ERROR;
				GCC_WARN_UNDECLARED_SELECTOR = YES;
				GCC_WARN_UNINITIALIZED_AUTOS = YES_AGGRESSIVE;
				GCC_WARN_UNUSED_FUNCTION = YES;
				GCC_WARN_UNUSED_VARIABLE = YES;
				IPHONEOS_DEPLOYMENT_TARGET = 15.5;
				MTL_ENABLE_DEBUG_INFO = INCLUDE_SOURCE;
				MTL_FAST_MATH = YES;
				ONLY_ACTIVE_ARCH = YES;
				SDKROOT = iphoneos;
				SWIFT_ACTIVE_COMPILATION_CONDITIONS = DEBUG;
				SWIFT_OPTIMIZATION_LEVEL = "-Onone";
			};
			name = Debug;
		};
		C6EEF1D228F6D6CC00268889 /* Release */ = {
			isa = XCBuildConfiguration;
			buildSettings = {
				ALWAYS_SEARCH_USER_PATHS = NO;
				CLANG_ANALYZER_NONNULL = YES;
				CLANG_ANALYZER_NUMBER_OBJECT_CONVERSION = YES_AGGRESSIVE;
				CLANG_CXX_LANGUAGE_STANDARD = "gnu++17";
				CLANG_ENABLE_MODULES = YES;
				CLANG_ENABLE_OBJC_ARC = YES;
				CLANG_ENABLE_OBJC_WEAK = YES;
				CLANG_WARN_BLOCK_CAPTURE_AUTORELEASING = YES;
				CLANG_WARN_BOOL_CONVERSION = YES;
				CLANG_WARN_COMMA = YES;
				CLANG_WARN_CONSTANT_CONVERSION = YES;
				CLANG_WARN_DEPRECATED_OBJC_IMPLEMENTATIONS = YES;
				CLANG_WARN_DIRECT_OBJC_ISA_USAGE = YES_ERROR;
				CLANG_WARN_DOCUMENTATION_COMMENTS = YES;
				CLANG_WARN_EMPTY_BODY = YES;
				CLANG_WARN_ENUM_CONVERSION = YES;
				CLANG_WARN_INFINITE_RECURSION = YES;
				CLANG_WARN_INT_CONVERSION = YES;
				CLANG_WARN_NON_LITERAL_NULL_CONVERSION = YES;
				CLANG_WARN_OBJC_IMPLICIT_RETAIN_SELF = YES;
				CLANG_WARN_OBJC_LITERAL_CONVERSION = YES;
				CLANG_WARN_OBJC_ROOT_CLASS = YES_ERROR;
				CLANG_WARN_QUOTED_INCLUDE_IN_FRAMEWORK_HEADER = YES;
				CLANG_WARN_RANGE_LOOP_ANALYSIS = YES;
				CLANG_WARN_STRICT_PROTOTYPES = YES;
				CLANG_WARN_SUSPICIOUS_MOVE = YES;
				CLANG_WARN_UNGUARDED_AVAILABILITY = YES_AGGRESSIVE;
				CLANG_WARN_UNREACHABLE_CODE = YES;
				CLANG_WARN__DUPLICATE_METHOD_MATCH = YES;
				COPY_PHASE_STRIP = NO;
				DEBUG_INFORMATION_FORMAT = "dwarf-with-dsym";
				ENABLE_NS_ASSERTIONS = NO;
				ENABLE_STRICT_OBJC_MSGSEND = YES;
				GCC_C_LANGUAGE_STANDARD = gnu11;
				GCC_NO_COMMON_BLOCKS = YES;
				GCC_WARN_64_TO_32_BIT_CONVERSION = YES;
				GCC_WARN_ABOUT_RETURN_TYPE = YES_ERROR;
				GCC_WARN_UNDECLARED_SELECTOR = YES;
				GCC_WARN_UNINITIALIZED_AUTOS = YES_AGGRESSIVE;
				GCC_WARN_UNUSED_FUNCTION = YES;
				GCC_WARN_UNUSED_VARIABLE = YES;
				IPHONEOS_DEPLOYMENT_TARGET = 15.5;
				MTL_ENABLE_DEBUG_INFO = NO;
				MTL_FAST_MATH = YES;
				SDKROOT = iphoneos;
				SWIFT_COMPILATION_MODE = wholemodule;
				SWIFT_OPTIMIZATION_LEVEL = "-O";
				VALIDATE_PRODUCT = YES;
			};
			name = Release;
		};
		C6EEF1D428F6D6CC00268889 /* Debug */ = {
			isa = XCBuildConfiguration;
			buildSettings = {
				ASSETCATALOG_COMPILER_APPICON_NAME = AppIcon;
				ASSETCATALOG_COMPILER_GLOBAL_ACCENT_COLOR_NAME = AccentColor;
				CODE_SIGN_STYLE = Automatic;
				CURRENT_PROJECT_VERSION = 1;
				DEVELOPMENT_TEAM = 5QL6TNF9LL;
				GENERATE_INFOPLIST_FILE = YES;
				INFOPLIST_FILE = UnsplashApp/Info.plist;
				INFOPLIST_KEY_UIApplicationSupportsIndirectInputEvents = YES;
				INFOPLIST_KEY_UILaunchStoryboardName = LaunchScreen;
				INFOPLIST_KEY_UIMainStoryboardFile = Main;
				INFOPLIST_KEY_UISupportedInterfaceOrientations_iPad = "UIInterfaceOrientationPortrait UIInterfaceOrientationPortraitUpsideDown UIInterfaceOrientationLandscapeLeft UIInterfaceOrientationLandscapeRight";
				INFOPLIST_KEY_UISupportedInterfaceOrientations_iPhone = "UIInterfaceOrientationPortrait UIInterfaceOrientationLandscapeLeft UIInterfaceOrientationLandscapeRight";
				LD_RUNPATH_SEARCH_PATHS = (
					"$(inherited)",
					"@executable_path/Frameworks",
				);
				MARKETING_VERSION = 1.0;
				PRODUCT_BUNDLE_IDENTIFIER = Miller.UnsplashApp;
				PRODUCT_NAME = "$(TARGET_NAME)";
				SWIFT_EMIT_LOC_STRINGS = YES;
				SWIFT_VERSION = 5.0;
				TARGETED_DEVICE_FAMILY = "1,2";
			};
			name = Debug;
		};
		C6EEF1D528F6D6CC00268889 /* Release */ = {
			isa = XCBuildConfiguration;
			buildSettings = {
				ASSETCATALOG_COMPILER_APPICON_NAME = AppIcon;
				ASSETCATALOG_COMPILER_GLOBAL_ACCENT_COLOR_NAME = AccentColor;
				CODE_SIGN_STYLE = Automatic;
				CURRENT_PROJECT_VERSION = 1;
				DEVELOPMENT_TEAM = 5QL6TNF9LL;
				GENERATE_INFOPLIST_FILE = YES;
				INFOPLIST_FILE = UnsplashApp/Info.plist;
				INFOPLIST_KEY_UIApplicationSupportsIndirectInputEvents = YES;
				INFOPLIST_KEY_UILaunchStoryboardName = LaunchScreen;
				INFOPLIST_KEY_UIMainStoryboardFile = Main;
				INFOPLIST_KEY_UISupportedInterfaceOrientations_iPad = "UIInterfaceOrientationPortrait UIInterfaceOrientationPortraitUpsideDown UIInterfaceOrientationLandscapeLeft UIInterfaceOrientationLandscapeRight";
				INFOPLIST_KEY_UISupportedInterfaceOrientations_iPhone = "UIInterfaceOrientationPortrait UIInterfaceOrientationLandscapeLeft UIInterfaceOrientationLandscapeRight";
				LD_RUNPATH_SEARCH_PATHS = (
					"$(inherited)",
					"@executable_path/Frameworks",
				);
				MARKETING_VERSION = 1.0;
				PRODUCT_BUNDLE_IDENTIFIER = Miller.UnsplashApp;
				PRODUCT_NAME = "$(TARGET_NAME)";
				SWIFT_EMIT_LOC_STRINGS = YES;
				SWIFT_VERSION = 5.0;
				TARGETED_DEVICE_FAMILY = "1,2";
			};
			name = Release;
		};
		C6EEF1D728F6D6CC00268889 /* Debug */ = {
			isa = XCBuildConfiguration;
			buildSettings = {
				ALWAYS_EMBED_SWIFT_STANDARD_LIBRARIES = YES;
				BUNDLE_LOADER = "$(TEST_HOST)";
				CODE_SIGN_STYLE = Automatic;
				CURRENT_PROJECT_VERSION = 1;
				DEVELOPMENT_TEAM = 5QL6TNF9LL;
				GENERATE_INFOPLIST_FILE = YES;
				IPHONEOS_DEPLOYMENT_TARGET = 15.5;
				MARKETING_VERSION = 1.0;
				PRODUCT_BUNDLE_IDENTIFIER = Miller.UnsplashAppTests;
				PRODUCT_NAME = "$(TARGET_NAME)";
				SWIFT_EMIT_LOC_STRINGS = NO;
				SWIFT_VERSION = 5.0;
				TARGETED_DEVICE_FAMILY = "1,2";
				TEST_HOST = "$(BUILT_PRODUCTS_DIR)/UnsplashApp.app/UnsplashApp";
			};
			name = Debug;
		};
		C6EEF1D828F6D6CC00268889 /* Release */ = {
			isa = XCBuildConfiguration;
			buildSettings = {
				ALWAYS_EMBED_SWIFT_STANDARD_LIBRARIES = YES;
				BUNDLE_LOADER = "$(TEST_HOST)";
				CODE_SIGN_STYLE = Automatic;
				CURRENT_PROJECT_VERSION = 1;
				DEVELOPMENT_TEAM = 5QL6TNF9LL;
				GENERATE_INFOPLIST_FILE = YES;
				IPHONEOS_DEPLOYMENT_TARGET = 15.5;
				MARKETING_VERSION = 1.0;
				PRODUCT_BUNDLE_IDENTIFIER = Miller.UnsplashAppTests;
				PRODUCT_NAME = "$(TARGET_NAME)";
				SWIFT_EMIT_LOC_STRINGS = NO;
				SWIFT_VERSION = 5.0;
				TARGETED_DEVICE_FAMILY = "1,2";
				TEST_HOST = "$(BUILT_PRODUCTS_DIR)/UnsplashApp.app/UnsplashApp";
			};
			name = Release;
		};
		C6EEF1DA28F6D6CC00268889 /* Debug */ = {
			isa = XCBuildConfiguration;
			buildSettings = {
				ALWAYS_EMBED_SWIFT_STANDARD_LIBRARIES = YES;
				CODE_SIGN_STYLE = Automatic;
				CURRENT_PROJECT_VERSION = 1;
				DEVELOPMENT_TEAM = 5QL6TNF9LL;
				GENERATE_INFOPLIST_FILE = YES;
				MARKETING_VERSION = 1.0;
				PRODUCT_BUNDLE_IDENTIFIER = Miller.UnsplashAppUITests;
				PRODUCT_NAME = "$(TARGET_NAME)";
				SWIFT_EMIT_LOC_STRINGS = NO;
				SWIFT_VERSION = 5.0;
				TARGETED_DEVICE_FAMILY = "1,2";
				TEST_TARGET_NAME = UnsplashApp;
			};
			name = Debug;
		};
		C6EEF1DB28F6D6CC00268889 /* Release */ = {
			isa = XCBuildConfiguration;
			buildSettings = {
				ALWAYS_EMBED_SWIFT_STANDARD_LIBRARIES = YES;
				CODE_SIGN_STYLE = Automatic;
				CURRENT_PROJECT_VERSION = 1;
				DEVELOPMENT_TEAM = 5QL6TNF9LL;
				GENERATE_INFOPLIST_FILE = YES;
				MARKETING_VERSION = 1.0;
				PRODUCT_BUNDLE_IDENTIFIER = Miller.UnsplashAppUITests;
				PRODUCT_NAME = "$(TARGET_NAME)";
				SWIFT_EMIT_LOC_STRINGS = NO;
				SWIFT_VERSION = 5.0;
				TARGETED_DEVICE_FAMILY = "1,2";
				TEST_TARGET_NAME = UnsplashApp;
			};
			name = Release;
		};
/* End XCBuildConfiguration section */

/* Begin XCConfigurationList section */
		C6EEF1A428F6D6CA00268889 /* Build configuration list for PBXProject "UnsplashApp" */ = {
			isa = XCConfigurationList;
			buildConfigurations = (
				C6EEF1D128F6D6CC00268889 /* Debug */,
				C6EEF1D228F6D6CC00268889 /* Release */,
			);
			defaultConfigurationIsVisible = 0;
			defaultConfigurationName = Release;
		};
		C6EEF1D328F6D6CC00268889 /* Build configuration list for PBXNativeTarget "UnsplashApp" */ = {
			isa = XCConfigurationList;
			buildConfigurations = (
				C6EEF1D428F6D6CC00268889 /* Debug */,
				C6EEF1D528F6D6CC00268889 /* Release */,
			);
			defaultConfigurationIsVisible = 0;
			defaultConfigurationName = Release;
		};
		C6EEF1D628F6D6CC00268889 /* Build configuration list for PBXNativeTarget "UnsplashAppTests" */ = {
			isa = XCConfigurationList;
			buildConfigurations = (
				C6EEF1D728F6D6CC00268889 /* Debug */,
				C6EEF1D828F6D6CC00268889 /* Release */,
			);
			defaultConfigurationIsVisible = 0;
			defaultConfigurationName = Release;
		};
		C6EEF1D928F6D6CC00268889 /* Build configuration list for PBXNativeTarget "UnsplashAppUITests" */ = {
			isa = XCConfigurationList;
			buildConfigurations = (
				C6EEF1DA28F6D6CC00268889 /* Debug */,
				C6EEF1DB28F6D6CC00268889 /* Release */,
			);
			defaultConfigurationIsVisible = 0;
			defaultConfigurationName = Release;
		};
/* End XCConfigurationList section */
	};
	rootObject = C6EEF1A128F6D6CA00268889 /* Project object */;
}
