PODS:
  - SDWebImage (5.13.4):
    - SDWebImage/Core (= 5.13.4)
  - SDWebImage/Core (5.13.4)

DEPENDENCIES:
  - SDWebImage (~> 5.0)

SPEC REPOS:
  trunk:
    - SDWebImage

SPEC CHECKSUMS:
  SDWebImage: e5cc87bf736e60f49592f307bdf9e157189298a3

PODFILE CHECKSUM: 7e2470d4974fd5c240d114ed5aabaf38a1b89c11

COCOAPODS: 1.11.3
